{
  "name": "taskflow_openspec",
  "lockfileVersion": 3,
  "requires": true,
  "packages": {
    "": {
      "dependencies": {
        "openspec": "^0.0.0"
      }
    },
    "node_modules/openspec": {
      "version": "0.0.0",
      "resolved": "https://registry.npmjs.org/openspec/-/openspec-0.0.0.tgz",
      "integrity": "sha512-7+lOPJO4eDtQlC/wfpRuZ+c75hiXIfb+PDm7nmWkj6/ZKf2Utx6ST1Sg35Vjvrz6dGGUQEW9fuVe+thKvVstkA==",
      "license": "MIT"
    }
  }
}
